// !$*UTF8*$!
{
	archiveVersion = 1;
	classes = {
	};
	objectVersion = 46;
	objects = {

/* Begin PBXBuildFile section */
		6A6B45341A7F002400484D66 /* AppDelegate.swift in Sources */ = {isa = PBXBuildFile; fileRef = 6A6B45331A7F002400484D66 /* AppDelegate.swift */; };
		6A6B45371A7F002400484D66 /* test1.xcdatamodeld in Sources */ = {isa = PBXBuildFile; fileRef = 6A6B45351A7F002400484D66 /* test1.xcdatamodeld */; };
		6A6B45391A7F002400484D66 /* ViewController.swift in Sources */ = {isa = PBXBuildFile; fileRef = 6A6B45381A7F002400484D66 /* ViewController.swift */; };
		6A6B453C1A7F002400484D66 /* Main.storyboard in Resources */ = {isa = PBXBuildFile; fileRef = 6A6B453A1A7F002400484D66 /* Main.storyboard */; };
		6A6B453E1A7F002400484D66 /* Images.xcassets in Resources */ = {isa = PBXBuildFile; fileRef = 6A6B453D1A7F002400484D66 /* Images.xcassets */; };
		6A6B45411A7F002400484D66 /* LaunchScreen.xib in Resources */ = {isa = PBXBuildFile; fileRef = 6A6B453F1A7F002400484D66 /* LaunchScreen.xib */; };
		6A6B454D1A7F002400484D66 /* test1Tests.swift in Sources */ = {isa = PBXBuildFile; fileRef = 6A6B454C1A7F002400484D66 /* test1Tests.swift */; };
		C8A13A0F1A7F00BB0001B07A /* ViewControllerYi.swift in Sources */ = {isa = PBXBuildFile; fileRef = C8A13A0E1A7F00BB0001B07A /* ViewControllerYi.swift */; };
/* End PBXBuildFile section */

/* Begin PBXContainerItemProxy section */
		6A6B45471A7F002400484D66 /* PBXContainerItemProxy */ = {
			isa = PBXContainerItemProxy;
			containerPortal = 6A6B45261A7F002400484D66 /* Project object */;
			proxyType = 1;
			remoteGlobalIDString = 6A6B452D1A7F002400484D66;
			remoteInfo = test1;
		};
/* End PBXContainerItemProxy section */

/* Begin PBXFileReference section */
		6A6B452E1A7F002400484D66 /* test1.app */ = {isa = PBXFileReference; explicitFileType = wrapper.application; includeInIndex = 0; path = test1.app; sourceTree = BUILT_PRODUCTS_DIR; };
		6A6B45321A7F002400484D66 /* Info.plist */ = {isa = PBXFileReference; lastKnownFileType = text.plist.xml; path = Info.plist; sourceTree = "<group>"; };
		6A6B45331A7F002400484D66 /* AppDelegate.swift */ = {isa = PBXFileReference; lastKnownFileType = sourcecode.swift; path = AppDelegate.swift; sourceTree = "<group>"; };
		6A6B45361A7F002400484D66 /* test1.xcdatamodel */ = {isa = PBXFileReference; lastKnownFileType = wrapper.xcdatamodel; path = test1.xcdatamodel; sourceTree = "<group>"; };
		6A6B45381A7F002400484D66 /* ViewController.swift */ = {isa = PBXFileReference; lastKnownFileType = sourcecode.swift; path = ViewController.swift; sourceTree = "<group>"; };
		6A6B453B1A7F002400484D66 /* Base */ = {isa = PBXFileReference; lastKnownFileType = file.storyboard; name = Base; path = Base.lproj/Main.storyboard; sourceTree = "<group>"; };
		6A6B453D1A7F002400484D66 /* Images.xcassets */ = {isa = PBXFileReference; lastKnownFileType = folder.assetcatalog; path = Images.xcassets; sourceTree = "<group>"; };
		6A6B45401A7F002400484D66 /* Base */ = {isa = PBXFileReference; lastKnownFileType = file.xib; name = Base; path = Base.lproj/LaunchScreen.xib; sourceTree = "<group>"; };
		6A6B45461A7F002400484D66 /* test1Tests.xctest */ = {isa = PBXFileReference; explicitFileType = wrapper.cfbundle; includeInIndex = 0; path = test1Tests.xctest; sourceTree = BUILT_PRODUCTS_DIR; };
		6A6B454B1A7F002400484D66 /* Info.plist */ = {isa = PBXFileReference; lastKnownFileType = text.plist.xml; path = Info.plist; sourceTree = "<group>"; };
		6A6B454C1A7F002400484D66 /* test1Tests.swift */ = {isa = PBXFileReference; lastKnownFileType = sourcecode.swift; path = test1Tests.swift; sourceTree = "<group>"; };
		C8A13A0E1A7F00BB0001B07A /* ViewControllerYi.swift */ = {isa = PBXFileReference; fileEncoding = 4; lastKnownFileType = sourcecode.swift; path = ViewControllerYi.swift; sourceTree = "<group>"; };
/* End PBXFileReference section */

/* Begin PBXFrameworksBuildPhase section */
		6A6B452B1A7F002400484D66 /* Frameworks */ = {
			isa = PBXFrameworksBuildPhase;
			buildActionMask = 2147483647;
			files = (
			);
			runOnlyForDeploymentPostprocessing = 0;
		};
		6A6B45431A7F002400484D66 /* Frameworks */ = {
			isa = PBXFrameworksBuildPhase;
			buildActionMask = 2147483647;
			files = (
			);
			runOnlyForDeploymentPostprocessing = 0;
		};
/* End PBXFrameworksBuildPhase section */

/* Begin PBXGroup section */
		6A6B45251A7F002400484D66 = {
			isa = PBXGroup;
			children = (
				6A6B45301A7F002400484D66 /* test1 */,
				6A6B45491A7F002400484D66 /* test1Tests */,
				6A6B452F1A7F002400484D66 /* Products */,
			);
			sourceTree = "<group>";
		};
		6A6B452F1A7F002400484D66 /* Products */ = {
			isa = PBXGroup;
			children = (
				6A6B452E1A7F002400484D66 /* test1.app */,
				6A6B45461A7F002400484D66 /* test1Tests.xctest */,
			);
			name = Products;
			sourceTree = "<group>";
		};
		6A6B45301A7F002400484D66 /* test1 */ = {
			isa = PBXGroup;
			children = (
				6A6B45331A7F002400484D66 /* AppDelegate.swift */,
				6A6B45381A7F002400484D66 /* ViewController.swift */,
				6A6B453A1A7F002400484D66 /* Main.storyboard */,
				C8A13A0E1A7F00BB0001B07A /* ViewControllerYi.swift */,
				6A6B453D1A7F002400484D66 /* Images.xcassets */,
				6A6B453F1A7F002400484D66 /* LaunchScreen.xib */,
				6A6B45351A7F002400484D66 /* test1.xcdatamodeld */,
				6A6B45311A7F002400484D66 /* Supporting Files */,
			);
			path = test1;
			sourceTree = "<group>";
		};
		6A6B45311A7F002400484D66 /* Supporting Files */ = {
			isa = PBXGroup;
			children = (
				6A6B45321A7F002400484D66 /* Info.plist */,
			);
			name = "Supporting Files";
			sourceTree = "<group>";
		};
		6A6B45491A7F002400484D66 /* test1Tests */ = {
			isa = PBXGroup;
			children = (
				6A6B454C1A7F002400484D66 /* test1Tests.swift */,
				6A6B454A1A7F002400484D66 /* Supporting Files */,
			);
			path = test1Tests;
			sourceTree = "<group>";
		};
		6A6B454A1A7F002400484D66 /* Supporting Files */ = {
			isa = PBXGroup;
			children = (
				6A6B454B1A7F002400484D66 /* Info.plist */,
			);
			name = "Supporting Files";
			sourceTree = "<group>";
		};
/* End PBXGroup section */

/* Begin PBXNativeTarget section */
		6A6B452D1A7F002400484D66 /* test1 */ = {
			isa = PBXNativeTarget;
			buildConfigurationList = 6A6B45501A7F002400484D66 /* Build configuration list for PBXNativeTarget "test1" */;
			buildPhases = (
				6A6B452A1A7F002400484D66 /* Sources */,
				6A6B452B1A7F002400484D66 /* Frameworks */,
				6A6B452C1A7F002400484D66 /* Resources */,
			);
			buildRules = (
			);
			dependencies = (
			);
			name = test1;
			productName = test1;
			productReference = 6A6B452E1A7F002400484D66 /* test1.app */;
			productType = "com.apple.product-type.application";
		};
		6A6B45451A7F002400484D66 /* test1Tests */ = {
			isa = PBXNativeTarget;
			buildConfigurationList = 6A6B45531A7F002400484D66 /* Build configuration list for PBXNativeTarget "test1Tests" */;
			buildPhases = (
				6A6B45421A7F002400484D66 /* Sources */,
				6A6B45431A7F002400484D66 /* Frameworks */,
				6A6B45441A7F002400484D66 /* Resources */,
			);
			buildRules = (
			);
			dependencies = (
				6A6B45481A7F002400484D66 /* PBXTargetDependency */,
			);
			name = test1Tests;
			productName = test1Tests;
			productReference = 6A6B45461A7F002400484D66 /* test1Tests.xctest */;
			productType = "com.apple.product-type.bundle.unit-test";
		};
/* End PBXNativeTarget section */

/* Begin PBXProject section */
		6A6B45261A7F002400484D66 /* Project object */ = {
			isa = PBXProject;
			attributes = {
				LastUpgradeCheck = 0610;
				ORGANIZATIONNAME = "haoran zhang";
				TargetAttributes = {
					6A6B452D1A7F002400484D66 = {
						CreatedOnToolsVersion = 6.1.1;
					};
					6A6B45451A7F002400484D66 = {
						CreatedOnToolsVersion = 6.1.1;
						TestTargetID = 6A6B452D1A7F002400484D66;
					};
				};
			};
			buildConfigurationList = 6A6B45291A7F002400484D66 /* Build configuration list for PBXProject "test1" */;
			compatibilityVersion = "Xcode 3.2";
			developmentRegion = English;
			hasScannedForEncodings = 0;
			knownRegions = (
				en,
				Base,
			);
			mainGroup = 6A6B45251A7F002400484D66;
			productRefGroup = 6A6B452F1A7F002400484D66 /* Products */;
			projectDirPath = "";
			projectRoot = "";
			targets = (
				6A6B452D1A7F002400484D66 /* test1 */,
				6A6B45451A7F002400484D66 /* test1Tests */,
			);
		};
/* End PBXProject section */

/* Begin PBXResourcesBuildPhase section */
		6A6B452C1A7F002400484D66 /* Resources */ = {
			isa = PBXResourcesBuildPhase;
			buildActionMask = 2147483647;
			files = (
				6A6B453C1A7F002400484D66 /* Main.storyboard in Resources */,
				6A6B45411A7F002400484D66 /* LaunchScreen.xib in Resources */,
				6A6B453E1A7F002400484D66 /* Images.xcassets in Resources */,
			);
			runOnlyForDeploymentPostprocessing = 0;
		};
		6A6B45441A7F002400484D66 /* Resources */ = {
			isa = PBXResourcesBuildPhase;
			buildActionMask = 2147483647;
			files = (
			);
			runOnlyForDeploymentPostprocessing = 0;
		};
/* End PBXResourcesBuildPhase section */

/* Begin PBXSourcesBuildPhase section */
		6A6B452A1A7F002400484D66 /* Sources */ = {
			isa = PBXSourcesBuildPhase;
			buildActionMask = 2147483647;
			files = (
				6A6B45391A7F002400484D66 /* ViewController.swift in Sources */,
				6A6B45341A7F002400484D66 /* AppDelegate.swift in Sources */,
				C8A13A0F1A7F00BB0001B07A /* ViewControllerYi.swift in Sources */,
				6A6B45371A7F002400484D66 /* test1.xcdatamodeld in Sources */,
			);
			runOnlyForDeploymentPostprocessing = 0;
		};
		6A6B45421A7F002400484D66 /* Sources */ = {
			isa = PBXSourcesBuildPhase;
			buildActionMask = 2147483647;
			files = (
				6A6B454D1A7F002400484D66 /* test1Tests.swift in Sources */,
			);
			runOnlyForDeploymentPostprocessing = 0;
		};
/* End PBXSourcesBuildPhase section */

/* Begin PBXTargetDependency section */
		6A6B45481A7F002400484D66 /* PBXTargetDependency */ = {
			isa = PBXTargetDependency;
			target = 6A6B452D1A7F002400484D66 /* test1 */;
			targetProxy = 6A6B45471A7F002400484D66 /* PBXContainerItemProxy */;
		};
/* End PBXTargetDependency section */

/* Begin PBXVariantGroup section */
		6A6B453A1A7F002400484D66 /* Main.storyboard */ = {
			isa = PBXVariantGroup;
			children = (
				6A6B453B1A7F002400484D66 /* Base */,
			);
			name = Main.storyboard;
			sourceTree = "<group>";
		};
		6A6B453F1A7F002400484D66 /* LaunchScreen.xib */ = {
			isa = PBXVariantGroup;
			children = (
				6A6B45401A7F002400484D66 /* Base */,
			);
			name = LaunchScreen.xib;
			sourceTree = "<group>";
		};
/* End PBXVariantGroup section */

/* Begin XCBuildConfiguration section */
		6A6B454E1A7F002400484D66 /* Debug */ = {
			isa = XCBuildConfiguration;
			buildSettings = {
				ALWAYS_SEARCH_USER_PATHS = NO;
				CLANG_CXX_LANGUAGE_STANDARD = "gnu++0x";
				CLANG_CXX_LIBRARY = "libc++";
				CLANG_ENABLE_MODULES = YES;
				CLANG_ENABLE_OBJC_ARC = YES;
				CLANG_WARN_BOOL_CONVERSION = YES;
				CLANG_WARN_CONSTANT_CONVERSION = YES;
				CLANG_WARN_DIRECT_OBJC_ISA_USAGE = YES_ERROR;
				CLANG_WARN_EMPTY_BODY = YES;
				CLANG_WARN_ENUM_CONVERSION = YES;
				CLANG_WARN_INT_CONVERSION = YES;
				CLANG_WARN_OBJC_ROOT_CLASS = YES_ERROR;
				CLANG_WARN_UNREACHABLE_CODE = YES;
				CLANG_WARN__DUPLICATE_METHOD_MATCH = YES;
				"CODE_SIGN_IDENTITY[sdk=iphoneos*]" = "iPhone Developer";
				COPY_PHASE_STRIP = NO;
				ENABLE_STRICT_OBJC_MSGSEND = YES;
				GCC_C_LANGUAGE_STANDARD = gnu99;
				GCC_DYNAMIC_NO_PIC = NO;
				GCC_OPTIMIZATION_LEVEL = 0;
				GCC_PREPROCESSOR_DEFINITIONS = (
					"DEBUG=1",
					"$(inherited)",
				);
				GCC_SYMBOLS_PRIVATE_EXTERN = NO;
				GCC_WARN_64_TO_32_BIT_CONVERSION = YES;
				GCC_WARN_ABOUT_RETURN_TYPE = YES_ERROR;
				GCC_WARN_UNDECLARED_SELECTOR = YES;
				GCC_WARN_UNINITIALIZED_AUTOS = YES_AGGRESSIVE;
				GCC_WARN_UNUSED_FUNCTION = YES;
				GCC_WARN_UNUSED_VARIABLE = YES;
				IPHONEOS_DEPLOYMENT_TARGET = 8.1;
				MTL_ENABLE_DEBUG_INFO = YES;
				ONLY_ACTIVE_ARCH = YES;
				SDKROOT = iphoneos;
				SWIFT_OPTIMIZATION_LEVEL = "-Onone";
				TARGETED_DEVICE_FAMILY = "1,2";
			};
			name = Debug;
		};
		6A6B454F1A7F002400484D66 /* Release */ = {
			isa = XCBuildConfiguration;
			buildSettings = {
				ALWAYS_SEARCH_USER_PATHS = NO;
				CLANG_CXX_LANGUAGE_STANDARD = "gnu++0x";
				CLANG_CXX_LIBRARY = "libc++";
				CLANG_ENABLE_MODULES = YES;
				CLANG_ENABLE_OBJC_ARC = YES;
				CLANG_WARN_BOOL_CONVERSION = YES;
				CLANG_WARN_CONSTANT_CONVERSION = YES;
				CLANG_WARN_DIRECT_OBJC_ISA_USAGE = YES_ERROR;
				CLANG_WARN_EMPTY_BODY = YES;
				CLANG_WARN_ENUM_CONVERSION = YES;
				CLANG_WARN_INT_CONVERSION = YES;
				CLANG_WARN_OBJC_ROOT_CLASS = YES_ERROR;
				CLANG_WARN_UNREACHABLE_CODE = YES;
				CLANG_WARN__DUPLICATE_METHOD_MATCH = YES;
				"CODE_SIGN_IDENTITY[sdk=iphoneos*]" = "iPhone Developer";
				COPY_PHASE_STRIP = YES;
				ENABLE_NS_ASSERTIONS = NO;
				ENABLE_STRICT_OBJC_MSGSEND = YES;
				GCC_C_LANGUAGE_STANDARD = gnu99;
				GCC_WARN_64_TO_32_BIT_CONVERSION = YES;
				GCC_WARN_ABOUT_RETURN_TYPE = YES_ERROR;
				GCC_WARN_UNDECLARED_SELECTOR = YES;
				GCC_WARN_UNINITIALIZED_AUTOS = YES_AGGRESSIVE;
				GCC_WARN_UNUSED_FUNCTION = YES;
				GCC_WARN_UNUSED_VARIABLE = YES;
				IPHONEOS_DEPLOYMENT_TARGET = 8.1;
				MTL_ENABLE_DEBUG_INFO = NO;
				SDKROOT = iphoneos;
				TARGETED_DEVICE_FAMILY = "1,2";
				VALIDATE_PRODUCT = YES;
			};
			name = Release;
		};
		6A6B45511A7F002400484D66 /* Debug */ = {
			isa = XCBuildConfiguration;
			buildSettings = {
				ASSETCATALOG_COMPILER_APPICON_NAME = AppIcon;
				INFOPLIST_FILE = test1/Info.plist;
				LD_RUNPATH_SEARCH_PATHS = "$(inherited) @executable_path/Frameworks";
				PRODUCT_NAME = "$(TARGET_NAME)";
			};
			name = Debug;
		};
		6A6B45521A7F002400484D66 /* Release */ = {
			isa = XCBuildConfiguration;
			buildSettings = {
				ASSETCATALOG_COMPILER_APPICON_NAME = AppIcon;
				INFOPLIST_FILE = test1/Info.plist;
				LD_RUNPATH_SEARCH_PATHS = "$(inherited) @executable_path/Frameworks";
				PRODUCT_NAME = "$(TARGET_NAME)";
			};
			name = Release;
		};
		6A6B45541A7F002400484D66 /* Debug */ = {
			isa = XCBuildConfiguration;
			buildSettings = {
				BUNDLE_LOADER = "$(TEST_HOST)";
				FRAMEWORK_SEARCH_PATHS = (
					"$(SDKROOT)/Developer/Library/Frameworks",
					"$(inherited)",
				);
				GCC_PREPROCESSOR_DEFINITIONS = (
					"DEBUG=1",
					"$(inherited)",
				);
				INFOPLIST_FILE = test1Tests/Info.plist;
				LD_RUNPATH_SEARCH_PATHS = "$(inherited) @executable_path/Frameworks @loader_path/Frameworks";
				PRODUCT_NAME = "$(TARGET_NAME)";
				TEST_HOST = "$(BUILT_PRODUCTS_DIR)/test1.app/test1";
			};
			name = Debug;
		};
		6A6B45551A7F002400484D66 /* Release */ = {
			isa = XCBuildConfiguration;
			buildSettings = {
				BUNDLE_LOADER = "$(TEST_HOST)";
				FRAMEWORK_SEARCH_PATHS = (
					"$(SDKROOT)/Developer/Library/Frameworks",
					"$(inherited)",
				);
				INFOPLIST_FILE = test1Tests/Info.plist;
				LD_RUNPATH_SEARCH_PATHS = "$(inherited) @executable_path/Frameworks @loader_path/Frameworks";
				PRODUCT_NAME = "$(TARGET_NAME)";
				TEST_HOST = "$(BUILT_PRODUCTS_DIR)/test1.app/test1";
			};
			name = Release;
		};
/* End XCBuildConfiguration section */

/* Begin XCConfigurationList section */
		6A6B45291A7F002400484D66 /* Build configuration list for PBXProject "test1" */ = {
			isa = XCConfigurationList;
			buildConfigurations = (
				6A6B454E1A7F002400484D66 /* Debug */,
				6A6B454F1A7F002400484D66 /* Release */,
			);
			defaultConfigurationIsVisible = 0;
			defaultConfigurationName = Release;
		};
		6A6B45501A7F002400484D66 /* Build configuration list for PBXNativeTarget "test1" */ = {
			isa = XCConfigurationList;
			buildConfigurations = (
				6A6B45511A7F002400484D66 /* Debug */,
				6A6B45521A7F002400484D66 /* Release */,
			);
			defaultConfigurationIsVisible = 0;
			defaultConfigurationName = Release;
		};
		6A6B45531A7F002400484D66 /* Build configuration list for PBXNativeTarget "test1Tests" */ = {
			isa = XCConfigurationList;
			buildConfigurations = (
				6A6B45541A7F002400484D66 /* Debug */,
				6A6B45551A7F002400484D66 /* Release */,
			);
			defaultConfigurationIsVisible = 0;
			defaultConfigurationName = Release;
		};
/* End XCConfigurationList section */

/* Begin XCVersionGroup section */
		6A6B45351A7F002400484D66 /* test1.xcdatamodeld */ = {
			isa = XCVersionGroup;
			children = (
				6A6B45361A7F002400484D66 /* test1.xcdatamodel */,
			);
			currentVersion = 6A6B45361A7F002400484D66 /* test1.xcdatamodel */;
			path = test1.xcdatamodeld;
			sourceTree = "<group>";
			versionGroupType = wrapper.xcdatamodel;
		};
/* End XCVersionGroup section */
	};
	rootObject = 6A6B45261A7F002400484D66 /* Project object */;
}
